# THIS IS AN AUTOGENERATED FILE. DO NOT EDIT THIS FILE DIRECTLY.
# yarn lockfile v1


eslint-plugin-simple-import-sort@^5.0.3:
  version "5.0.3"
  resolved "https://registry.yarnpkg.com/eslint-plugin-simple-import-sort/-/eslint-plugin-simple-import-sort-5.0.3.tgz#9ae258ddada6efffc55e47a134afbd279eb31fc6"
  integrity sha512-1rf3AWiHeWNCQdAq0iXNnlccnH1UDnelGgrPbjBBHE8d2hXVtOudcmy0vTF4hri3iJ0MKz8jBhmH6lJ0ZWZLHQ==
